{
  "version": 4,
  "terraform_version": "1.4.6",
  "serial": 9,
  "lineage": "88d5c7f9-92da-2ad0-2bf8-6a08cf28482e",
  "outputs": {},
  "resources": [
    {
      "mode": "data",
      "type": "twc_configurator",
      "name": "configurator",
      "provider": "provider[\"tf.timeweb.cloud/timeweb-cloud/timeweb-cloud\"]",
      "instances": [
        {
          "schema_version": 0,
          "attributes": {
            "cpu_frequency": "3.3",
            "disk_type": "nvme",
            "id": "11",
            "location": "ru-1",
            "requirements": [
              {
                "cpu_max": 104,
                "cpu_min": 1,
                "cpu_step": 1,
                "disk_max": 11747328,
                "disk_min": 10240,
                "disk_step": 5120,
                "network_bandwidth_max": 1000,
                "network_bandwidth_min": 200,
                "network_bandwidth_step": 100,
                "ram_max": 747520,
                "ram_min": 1024,
                "ram_step": 1024
              }
            ]
          },
          "sensitive_attributes": []
        }
      ]
    },
    {
      "mode": "data",
      "type": "twc_os",
      "name": "os",
      "provider": "provider[\"tf.timeweb.cloud/timeweb-cloud/timeweb-cloud\"]",
      "instances": [
        {
          "schema_version": 0,
          "attributes": {
            "description": "",
            "family": "linux",
            "id": "67",
            "name": "debian",
            "requirements": [
              {
                "bandwidth_min": 0,
                "cpu_min": 0,
                "disk_min": 0,
                "ram_min": 0
              }
            ],
            "version": "11",
            "version_codename": "buster"
          },
          "sensitive_attributes": []
        }
      ]
    },
    {
      "mode": "managed",
      "type": "twc_server",
      "name": "example-server",
      "provider": "provider[\"tf.timeweb.cloud/timeweb-cloud/timeweb-cloud\"]",
      "instances": [
        {
          "schema_version": 0,
          "attributes": {
            "avatar_id": "",
            "bandwidth": null,
            "boot_mode": "std",
            "comment": "",
            "configuration": [
              {
                "configurator_id": 11,
                "cpu": 1,
                "disk": 10240,
                "ram": 1024
              }
            ],
            "configurator_id": 11,
            "cpu": 1,
            "cpu_frequency": "3.3",
            "disks": [
              {
                "id": 9517485,
                "is_mounted": true,
                "is_system": true,
                "size": 10240,
                "status": "done",
                "system_name": "vda",
                "type": "nvme",
                "used": 0
              }
            ],
            "id": "1468609",
            "is_ddos_guard": false,
            "local_network": [],
            "location": "ru-1",
            "name": "Debian 11 Server",
            "networks": [
              {
                "bandwidth": 200,
                "ips": [
                  {
                    "ip": "2a03:6f00:4::6c7",
                    "is_main": true,
                    "ptr": "1468609-cs56515.tw1.ru",
                    "type": "ipv6"
                  },
                  {
                    "ip": "188.225.77.41",
                    "is_main": true,
                    "ptr": "1468609-cs56515.tw1.ru",
                    "type": "ipv4"
                  }
                ],
                "is_ddos_guard": false,
                "nat_mode": "",
                "type": "public"
              }
            ],
            "os": [
              {
                "id": 67,
                "name": "debian",
                "version": "11"
              }
            ],
            "os_id": 67,
            "preset_id": 0,
            "project_id": 292173,
            "ram": 1024,
            "software": [],
            "software_id": null,
            "source_server_id": null,
            "ssh_keys_ids": null,
            "start_at": "",
            "status": "installing",
            "vnc_pass": ""
          },
          "sensitive_attributes": [],
          "private": "bnVsbA==",
          "dependencies": [
            "data.twc_configurator.configurator",
            "data.twc_os.os"
          ]
        }
      ]
    }
  ],
  "check_results": null
}
